<Solution>
  <Folder Name="/Appium/">
    <File Path="ReadMe.Appium.md" />
    <Project Path="MSTest_Appium/MSTest_Appium.csproj" />
    <Project Path="ZPF.UITests/ZPF.UITests.csproj" />
  </Folder>
  <Folder Name="/Solution Items/">
    <File Path="DF.bat" />
    <File Path="DF.Windows-Windows.bat" />
    <File Path="df2.bat" />
    <File Path="README.md" />
  </Folder>
  <Project Path="DevFlowMonitor/DevFlowMonitor.csproj" Id="4fa8cd29-bfba-469f-bb7e-4bf77f43c82d">
    <Deploy Solution="Debug|*" />
  </Project>
  <Project Path="Maui/Maui.csproj">
    <Deploy />
  </Project>
</Solution>
