<Solution>
  <Folder Name="/Appium/">
    <File Path="ReadMe.Appium.md" />
    <Project Path="MSTest_Appium/MSTest_Appium.csproj" />
    <Project Path="ZPF.UITests/ZPF.UITests.csproj" />
  </Folder>
  <Folder Name="/Solution Items/">
    <File Path="DF.bat" />
    <File Path="DF.Windows-Windows.bat" />
    <File Path="df2.bat" />
    <File Path="README.md" />
  </Folder>
  <Project Path="Maui/Maui.csproj">
    <Deploy />
  </Project>
</Solution>
